
Microsoft Visual Studio Solution File, Format Version 12.00
# Visual Studio 15
VisualStudioVersion = 15.0.28010.2019
MinimumVisualStudioVersion = 10.0.40219.1
Project("{9A19103F-16F7-4668-BE54-9A1E7A4F7556}") = "ObligatorioISP.BusinessLogic", "ObligatorioISP.BusinessLogic\ObligatorioISP.BusinessLogic.csproj", "{9FC85694-6F40-4EFC-A6C9-1237A117C868}"
EndProject
Project("{9A19103F-16F7-4668-BE54-9A1E7A4F7556}") = "ObligatorioISP.BusinessLogic.Tests", "ObligatorioISP.BusinessLogic.Tests\ObligatorioISP.BusinessLogic.Tests.csproj", "{570F4700-399F-4416-AD4E-66089E9A996C}"
EndProject
Project("{9A19103F-16F7-4668-BE54-9A1E7A4F7556}") = "ObligatorioISP.DataAccess.Tests", "ObligatorioISP.DataAccess.Tests\ObligatorioISP.DataAccess.Tests.csproj", "{369B4FD1-0F0B-47F3-8744-08342ADDB23D}"
EndProject
Project("{9A19103F-16F7-4668-BE54-9A1E7A4F7556}") = "ObligatorioISP.DataAccess", "ObligatorioISP.DataAccess\ObligatorioISP.DataAccess.csproj", "{8509D399-0B46-4F1B-8B8F-8AC9C68D8143}"
EndProject
Project("{9A19103F-16F7-4668-BE54-9A1E7A4F7556}") = "ObligatorioISP.DataAccess.Contracts", "ObligatorioISP.DataAccess.Contracts\ObligatorioISP.DataAccess.Contracts.csproj", "{B47F0B31-3F07-40BE-BC47-BD898340FB4D}"
EndProject
Project("{9A19103F-16F7-4668-BE54-9A1E7A4F7556}") = "ObligatorioISP.WebAPI.Tests", "ObligatorioISP.WebAPI.Tests\ObligatorioISP.WebAPI.Tests.csproj", "{EDB4BE83-E648-46BA-9CF2-D5569745F356}"
EndProject
Project("{9A19103F-16F7-4668-BE54-9A1E7A4F7556}") = "ObligatorioISP.WebAPI", "ObligatorioISP.WebAPI\ObligatorioISP.WebAPI.csproj", "{882DA267-578E-46F4-8870-8A73770BE35F}"
EndProject
Project("{FAE04EC0-301F-11D3-BF4B-00C04F79EFBC}") = "ObligatorioISP.Services.Tests", "ObligatorioISP.Services.Tests\ObligatorioISP.Services.Tests.csproj", "{7788CC9F-F74E-4387-9078-2E1AF8FFBE9D}"
EndProject
Project("{FAE04EC0-301F-11D3-BF4B-00C04F79EFBC}") = "ObligatorioISP.Services.Contracts", "ObligatorioISP.Services.Contracts\ObligatorioISP.Services.Contracts.csproj", "{24DE7A7A-5AD1-48C1-9363-488DDC5B2DB4}"
EndProject
Project("{FAE04EC0-301F-11D3-BF4B-00C04F79EFBC}") = "ObligatorioISP.Services", "ObligatorioISP.Services\ObligatorioISP.Services.csproj", "{D4659297-88BD-42A1-8B7F-AD5C8E933218}"
EndProject
Global
	GlobalSection(SolutionConfigurationPlatforms) = preSolution
		Debug|Any CPU = Debug|Any CPU
		Release|Any CPU = Release|Any CPU
	EndGlobalSection
	GlobalSection(ProjectConfigurationPlatforms) = postSolution
		{9FC85694-6F40-4EFC-A6C9-1237A117C868}.Debug|Any CPU.ActiveCfg = Debug|Any CPU
		{9FC85694-6F40-4EFC-A6C9-1237A117C868}.Debug|Any CPU.Build.0 = Debug|Any CPU
		{9FC85694-6F40-4EFC-A6C9-1237A117C868}.Release|Any CPU.ActiveCfg = Release|Any CPU
		{9FC85694-6F40-4EFC-A6C9-1237A117C868}.Release|Any CPU.Build.0 = Release|Any CPU
		{570F4700-399F-4416-AD4E-66089E9A996C}.Debug|Any CPU.ActiveCfg = Debug|Any CPU
		{570F4700-399F-4416-AD4E-66089E9A996C}.Debug|Any CPU.Build.0 = Debug|Any CPU
		{570F4700-399F-4416-AD4E-66089E9A996C}.Release|Any CPU.ActiveCfg = Release|Any CPU
		{570F4700-399F-4416-AD4E-66089E9A996C}.Release|Any CPU.Build.0 = Release|Any CPU
		{369B4FD1-0F0B-47F3-8744-08342ADDB23D}.Debug|Any CPU.ActiveCfg = Debug|Any CPU
		{369B4FD1-0F0B-47F3-8744-08342ADDB23D}.Debug|Any CPU.Build.0 = Debug|Any CPU
		{369B4FD1-0F0B-47F3-8744-08342ADDB23D}.Release|Any CPU.ActiveCfg = Release|Any CPU
		{369B4FD1-0F0B-47F3-8744-08342ADDB23D}.Release|Any CPU.Build.0 = Release|Any CPU
		{8509D399-0B46-4F1B-8B8F-8AC9C68D8143}.Debug|Any CPU.ActiveCfg = Debug|Any CPU
		{8509D399-0B46-4F1B-8B8F-8AC9C68D8143}.Debug|Any CPU.Build.0 = Debug|Any CPU
		{8509D399-0B46-4F1B-8B8F-8AC9C68D8143}.Release|Any CPU.ActiveCfg = Release|Any CPU
		{8509D399-0B46-4F1B-8B8F-8AC9C68D8143}.Release|Any CPU.Build.0 = Release|Any CPU
		{B47F0B31-3F07-40BE-BC47-BD898340FB4D}.Debug|Any CPU.ActiveCfg = Debug|Any CPU
		{B47F0B31-3F07-40BE-BC47-BD898340FB4D}.Debug|Any CPU.Build.0 = Debug|Any CPU
		{B47F0B31-3F07-40BE-BC47-BD898340FB4D}.Release|Any CPU.ActiveCfg = Release|Any CPU
		{B47F0B31-3F07-40BE-BC47-BD898340FB4D}.Release|Any CPU.Build.0 = Release|Any CPU
		{EDB4BE83-E648-46BA-9CF2-D5569745F356}.Debug|Any CPU.ActiveCfg = Debug|Any CPU
		{EDB4BE83-E648-46BA-9CF2-D5569745F356}.Debug|Any CPU.Build.0 = Debug|Any CPU
		{EDB4BE83-E648-46BA-9CF2-D5569745F356}.Release|Any CPU.ActiveCfg = Release|Any CPU
		{EDB4BE83-E648-46BA-9CF2-D5569745F356}.Release|Any CPU.Build.0 = Release|Any CPU
		{882DA267-578E-46F4-8870-8A73770BE35F}.Debug|Any CPU.ActiveCfg = Debug|Any CPU
		{882DA267-578E-46F4-8870-8A73770BE35F}.Debug|Any CPU.Build.0 = Debug|Any CPU
		{882DA267-578E-46F4-8870-8A73770BE35F}.Release|Any CPU.ActiveCfg = Release|Any CPU
		{882DA267-578E-46F4-8870-8A73770BE35F}.Release|Any CPU.Build.0 = Release|Any CPU
		{7788CC9F-F74E-4387-9078-2E1AF8FFBE9D}.Debug|Any CPU.ActiveCfg = Debug|Any CPU
		{7788CC9F-F74E-4387-9078-2E1AF8FFBE9D}.Debug|Any CPU.Build.0 = Debug|Any CPU
		{7788CC9F-F74E-4387-9078-2E1AF8FFBE9D}.Release|Any CPU.ActiveCfg = Release|Any CPU
		{7788CC9F-F74E-4387-9078-2E1AF8FFBE9D}.Release|Any CPU.Build.0 = Release|Any CPU
		{24DE7A7A-5AD1-48C1-9363-488DDC5B2DB4}.Debug|Any CPU.ActiveCfg = Debug|Any CPU
		{24DE7A7A-5AD1-48C1-9363-488DDC5B2DB4}.Debug|Any CPU.Build.0 = Debug|Any CPU
		{24DE7A7A-5AD1-48C1-9363-488DDC5B2DB4}.Release|Any CPU.ActiveCfg = Release|Any CPU
		{24DE7A7A-5AD1-48C1-9363-488DDC5B2DB4}.Release|Any CPU.Build.0 = Release|Any CPU
		{D4659297-88BD-42A1-8B7F-AD5C8E933218}.Debug|Any CPU.ActiveCfg = Debug|Any CPU
		{D4659297-88BD-42A1-8B7F-AD5C8E933218}.Debug|Any CPU.Build.0 = Debug|Any CPU
		{D4659297-88BD-42A1-8B7F-AD5C8E933218}.Release|Any CPU.ActiveCfg = Release|Any CPU
		{D4659297-88BD-42A1-8B7F-AD5C8E933218}.Release|Any CPU.Build.0 = Release|Any CPU
	EndGlobalSection
	GlobalSection(SolutionProperties) = preSolution
		HideSolutionNode = FALSE
	EndGlobalSection
	GlobalSection(ExtensibilityGlobals) = postSolution
		SolutionGuid = {5C0091A5-C03F-4E87-9948-5A863FD094E4}
	EndGlobalSection
EndGlobal
